
Microsoft Visual Studio Solution File, Format Version 12.00
# Visual Studio Version 17
VisualStudioVersion = 17.14.36705.20 d17.14
MinimumVisualStudioVersion = 10.0.40219.1
Project("{FAE04EC0-301F-11D3-BF4B-00C04F79EFBC}") = "Theme", "Theme\Theme.csproj", "{C59D4DEF-800D-4F8A-86BF-FA93B1AFF2CC}"
EndProject
Project("{FAE04EC0-301F-11D3-BF4B-00C04F79EFBC}") = "Theme.UnitTests", "Theme.UnitTests\Theme.UnitTests.csproj", "{B5FB63F6-A280-4D62-8D18-E0CE93FB9C84}"
EndProject
Project("{FAE04EC0-301F-11D3-BF4B-00C04F79EFBC}") = "Theme.QualityTests", "Theme.QualityTests\Theme.QualityTests.csproj", "{9C692A4C-ADE5-47D2-807D-44E9EEF05830}"
EndProject
Global
	GlobalSection(SolutionConfigurationPlatforms) = preSolution
		Debug|Any CPU = Debug|Any CPU
		Release|Any CPU = Release|Any CPU
	EndGlobalSection
	GlobalSection(ProjectConfigurationPlatforms) = postSolution
		{C59D4DEF-800D-4F8A-86BF-FA93B1AFF2CC}.Debug|Any CPU.ActiveCfg = Debug|Any CPU
		{C59D4DEF-800D-4F8A-86BF-FA93B1AFF2CC}.Debug|Any CPU.Build.0 = Debug|Any CPU
		{C59D4DEF-800D-4F8A-86BF-FA93B1AFF2CC}.Release|Any CPU.ActiveCfg = Release|Any CPU
		{C59D4DEF-800D-4F8A-86BF-FA93B1AFF2CC}.Release|Any CPU.Build.0 = Release|Any CPU
		{B5FB63F6-A280-4D62-8D18-E0CE93FB9C84}.Debug|Any CPU.ActiveCfg = Debug|Any CPU
		{B5FB63F6-A280-4D62-8D18-E0CE93FB9C84}.Debug|Any CPU.Build.0 = Debug|Any CPU
		{B5FB63F6-A280-4D62-8D18-E0CE93FB9C84}.Release|Any CPU.ActiveCfg = Release|Any CPU
		{B5FB63F6-A280-4D62-8D18-E0CE93FB9C84}.Release|Any CPU.Build.0 = Release|Any CPU
		{9C692A4C-ADE5-47D2-807D-44E9EEF05830}.Debug|Any CPU.ActiveCfg = Debug|Any CPU
		{9C692A4C-ADE5-47D2-807D-44E9EEF05830}.Debug|Any CPU.Build.0 = Debug|Any CPU
		{9C692A4C-ADE5-47D2-807D-44E9EEF05830}.Release|Any CPU.ActiveCfg = Release|Any CPU
		{9C692A4C-ADE5-47D2-807D-44E9EEF05830}.Release|Any CPU.Build.0 = Release|Any CPU
	EndGlobalSection
	GlobalSection(SolutionProperties) = preSolution
		HideSolutionNode = FALSE
	EndGlobalSection
	GlobalSection(ExtensibilityGlobals) = postSolution
		SolutionGuid = {3899A360-3DDD-48D2-9A3D-7D1F85926DDA}
	EndGlobalSection
EndGlobal
